{
  "lockfileVersion": 1,
  "configVersion": 1,
  "workspaces": {
    "": {
      "name": "pickarc",
      "devDependencies": {
        "@types/bun": "^1.3.0",
        "@typescript/native-preview": "7.0.0-dev.20260627.2",
      },
    },
  },
  "packages": {
    "@types/bun": ["@types/bun@1.3.14", "", { "dependencies": { "bun-types": "1.3.14" } }, "sha512-h1hFqFVcvAvD9j9K7ZW7vd82aSA+rTdznZa+5bwvCwqSB1jmmfLcbIWhOLx1/+boy/xmjgCs/OMUL8hRJSmnPw=="],

    "@types/node": ["@types/node@26.0.1", "", { "dependencies": { "undici-types": "~8.3.0" } }, "sha512-fc3KiUoBt6kie0N9bIW3E47vZsuaMf0PM2AaUpLCLT0s/LvX1nxAim6Fc049cNxODPpGm6qRAuUOB86SkRuPQw=="],

    "@typescript/native-preview": ["@typescript/native-preview@7.0.0-dev.20260627.2", "", { "optionalDependencies": { "@typescript/native-preview-darwin-arm64": "7.0.0-dev.20260627.2", "@typescript/native-preview-darwin-x64": "7.0.0-dev.20260627.2", "@typescript/native-preview-linux-arm": "7.0.0-dev.20260627.2", "@typescript/native-preview-linux-arm64": "7.0.0-dev.20260627.2", "@typescript/native-preview-linux-x64": "7.0.0-dev.20260627.2", "@typescript/native-preview-win32-arm64": "7.0.0-dev.20260627.2", "@typescript/native-preview-win32-x64": "7.0.0-dev.20260627.2" }, "bin": { "tsgo": "bin/tsgo" } }, "sha512-kJlusQpaCY5IxejXa5jcVUXu6IfLtIuK2+CWKvaFD3lqNhvt4OR3+1KOxAleaxHdvEc4fWMr0mrF7MIAmDXoAg=="],

    "@typescript/native-preview-darwin-arm64": ["@typescript/native-preview-darwin-arm64@7.0.0-dev.20260627.2", "", { "os": "darwin", "cpu": "arm64" }, "sha512-om8UapcrjCyQ7Vsn0eb6kEB/scwo2/Np95cOyCiIIjUWObsDKL/DSpkYX3Z1cxo1L8WY48UM5edR2bzzarBxBg=="],

    "@typescript/native-preview-darwin-x64": ["@typescript/native-preview-darwin-x64@7.0.0-dev.20260627.2", "", { "os": "darwin", "cpu": "x64" }, "sha512-40IOEo0tMS8lNLK/iVhjPcZsgXY7Erijqe5b2HLN9eufoPaGFUfNpFQ8JYHI/xgEF6/JdgGAQp6j4s8E8oamew=="],

    "@typescript/native-preview-linux-arm": ["@typescript/native-preview-linux-arm@7.0.0-dev.20260627.2", "", { "os": "linux", "cpu": "arm" }, "sha512-1wIpqbi6Y8plCc4dH1Qw12fBu5Uk1qAdEC1fnpybkztXG90ErTG8XeccQ/SeCAl2X65PnhUU+rvzNVwqfvGyGg=="],

    "@typescript/native-preview-linux-arm64": ["@typescript/native-preview-linux-arm64@7.0.0-dev.20260627.2", "", { "os": "linux", "cpu": "arm64" }, "sha512-66G5zoTYUi358zkza1kAoUgAXs4Ek0eA69TyPDU350fH6wgepeEkCuD5kel4iTPuIbJE40WZABcbBsQJsRCbJQ=="],

    "@typescript/native-preview-linux-x64": ["@typescript/native-preview-linux-x64@7.0.0-dev.20260627.2", "", { "os": "linux", "cpu": "x64" }, "sha512-0v1xRUgREzDAaNjaKtHuX5jEHVmY/MC5YR/rvSTNSYbqtg3vnUvafimRpyInXwMq399a9K6SwW2omIOfYeNJmQ=="],

    "@typescript/native-preview-win32-arm64": ["@typescript/native-preview-win32-arm64@7.0.0-dev.20260627.2", "", { "os": "win32", "cpu": "arm64" }, "sha512-kXsG81vUZxV4gjKfJP/Nx3mJISG9ijzQmXamDbDgPzndzpmD0g+RyzEF+s6RH5AzFAc3nuGcg3LQWY2QThl67w=="],

    "@typescript/native-preview-win32-x64": ["@typescript/native-preview-win32-x64@7.0.0-dev.20260627.2", "", { "os": "win32", "cpu": "x64" }, "sha512-+V3qtCz+L1d6xN1mFFHohzDnpHlPCLlOfZS11FE7Kjz/qfMViBjQwCAAtTlBT+GfZKj41nsQ5ybRqo2DVC1sMg=="],

    "bun-types": ["bun-types@1.3.14", "", { "dependencies": { "@types/node": "*" } }, "sha512-4N0ig0fEomHt5R0KCFWjovxow98rIoRwKolrYdCcknNwMekCXRnWEUvgu5soYV8QXtVsrUD8B95MBOZGPvr6KQ=="],

    "undici-types": ["undici-types@8.3.0", "", {}, "sha512-j375ScV60dom+YkPFIfTLcOiPxkN/buHz5GobjLhixFuANaNs3C9l4GmrWqejgXWJ7BbJcFYpTEUkS1Ge8bpZQ=="],
  }
}
